PODS:
  - Alamofire (4.7.0)
  - RxAlamofire (4.1.0):
    - RxAlamofire/Core (= 4.1.0)
  - RxAlamofire/Core (4.1.0):
    - Alamofire (~> 4.5)
    - RxSwift (~> 4.0)
  - RxSwift (4.1.2)

DEPENDENCIES:
  - RxAlamofire (~> 4.1.0)

SPEC CHECKSUMS:
  Alamofire: 907e0a98eb68cdb7f9d1f541a563d6ac5dc77b25
  RxAlamofire: 96a2bff4694a1609bb59c57b53d99ea7a0ddc64a
  RxSwift: e49536837d9901277638493ea537394d4b55f570

PODFILE CHECKSUM: 2ea612ecadac3b980ea17a8e7bf2be6efac7fbb5

COCOAPODS: 1.4.0
